
Microsoft Visual Studio Solution File, Format Version 12.00
# Visual Studio 15
VisualStudioVersion = 15.0.27428.2015
MinimumVisualStudioVersion = 10.0.40219.1
Project("{8BC9CEB8-8B4A-11D0-8D11-00A0C91BC942}") = "problem_4", "problem_4\problem_4.vcxproj", "{B4EC8C9B-F831-4088-ADD0-AEB3FC369E6D}"
EndProject
Global
	GlobalSection(SolutionConfigurationPlatforms) = preSolution
		Debug|x64 = Debug|x64
		Debug|x86 = Debug|x86
		Release|x64 = Release|x64
		Release|x86 = Release|x86
	EndGlobalSection
	GlobalSection(ProjectConfigurationPlatforms) = postSolution
		{B4EC8C9B-F831-4088-ADD0-AEB3FC369E6D}.Debug|x64.ActiveCfg = Debug|x64
		{B4EC8C9B-F831-4088-ADD0-AEB3FC369E6D}.Debug|x64.Build.0 = Debug|x64
		{B4EC8C9B-F831-4088-ADD0-AEB3FC369E6D}.Debug|x86.ActiveCfg = Debug|Win32
		{B4EC8C9B-F831-4088-ADD0-AEB3FC369E6D}.Debug|x86.Build.0 = Debug|Win32
		{B4EC8C9B-F831-4088-ADD0-AEB3FC369E6D}.Release|x64.ActiveCfg = Release|x64
		{B4EC8C9B-F831-4088-ADD0-AEB3FC369E6D}.Release|x64.Build.0 = Release|x64
		{B4EC8C9B-F831-4088-ADD0-AEB3FC369E6D}.Release|x86.ActiveCfg = Release|Win32
		{B4EC8C9B-F831-4088-ADD0-AEB3FC369E6D}.Release|x86.Build.0 = Release|Win32
	EndGlobalSection
	GlobalSection(SolutionProperties) = preSolution
		HideSolutionNode = FALSE
	EndGlobalSection
	GlobalSection(ExtensibilityGlobals) = postSolution
		SolutionGuid = {AFC32128-3645-4122-B9F1-5E9E5E1DCB0B}
	EndGlobalSection
EndGlobal
